<?xml version="1.0" encoding="utf-8"?>
<Project ToolsVersion="4.0" xmlns="http://schemas.microsoft.com/developer/msbuild/2003">
  <ItemGroup>
    <Filter Include="소스 파일">
      <UniqueIdentifier>{4FC737F1-C7A5-4376-A066-2A32D752A2FF}</UniqueIdentifier>
      <Extensions>cpp;c;cc;cxx;def;odl;idl;hpj;bat;asm;asmx</Extensions>
    </Filter>
    <Filter Include="헤더 파일">
      <UniqueIdentifier>{93995380-89BD-4b04-88EB-625FBE52EBFB}</UniqueIdentifier>
      <Extensions>h;hh;hpp;hxx;hm;inl;inc;ipp;xsd</Extensions>
    </Filter>
    <Filter Include="리소스 파일">
      <UniqueIdentifier>{67DA6AB6-F800-4c08-8B7A-83BB121AAD01}</UniqueIdentifier>
      <Extensions>rc;ico;cur;bmp;dlg;rc2;rct;bin;rgs;gif;jpg;jpeg;jpe;resx;tiff;tif;png;wav;mfcribbon-ms</Extensions>
    </Filter>
    <Filter Include="소스 파일\07. DFS">
      <UniqueIdentifier>{bd6c139e-9492-45ee-8d9d-c4ba192a91e0}</UniqueIdentifier>
    </Filter>
    <Filter Include="소스 파일\01. 그리디">
      <UniqueIdentifier>{bbb13795-fdec-404c-acf8-34fb485e8b31}</UniqueIdentifier>
    </Filter>
    <Filter Include="소스 파일\02. 정렬">
      <UniqueIdentifier>{d7ce4cfb-9cad-4447-a895-5965a6c36414}</UniqueIdentifier>
    </Filter>
    <Filter Include="소스 파일\10. 넥슨 NYPC">
      <UniqueIdentifier>{7f732c2c-aa68-4107-8725-7c2183c36f0a}</UniqueIdentifier>
    </Filter>
    <Filter Include="소스 파일\Class 2">
      <UniqueIdentifier>{36ac410a-755d-4b97-b920-643fdb0944ac}</UniqueIdentifier>
    </Filter>
    <Filter Include="소스 파일\91. 스택">
      <UniqueIdentifier>{6a317d0b-7c81-48a5-bd5c-6ca740371c7c}</UniqueIdentifier>
    </Filter>
    <Filter Include="소스 파일\09. dp">
      <UniqueIdentifier>{6e7cbabf-b143-4ae5-a7c5-f787e23c88cb}</UniqueIdentifier>
    </Filter>
    <Filter Include="소스 파일\Programmers Level 2">
      <UniqueIdentifier>{6b4f126a-f7a8-4971-aebf-5f74fb2317db}</UniqueIdentifier>
    </Filter>
  </ItemGroup>
  <ItemGroup>
    <ClCompile Include="2606_바이러스.cpp">
      <Filter>소스 파일\07. DFS</Filter>
    </ClCompile>
    <ClCompile Include="2644_촌수계산.cpp">
      <Filter>소스 파일\07. DFS</Filter>
    </ClCompile>
    <ClCompile Include="7569_토마토.cpp">
      <Filter>소스 파일\07. DFS</Filter>
    </ClCompile>
    <ClCompile Include="1018_체스판 다시 칠하기.cpp">
      <Filter>소스 파일\Class 2</Filter>
    </ClCompile>
    <ClCompile Include="1085_직사각형에서 탈출.cpp">
      <Filter>소스 파일\Class 2</Filter>
    </ClCompile>
    <ClCompile Include="1181_단어 정렬.cpp">
      <Filter>소스 파일\Class 2</Filter>
    </ClCompile>
    <ClCompile Include="1259_펠린드롬 수.cpp">
      <Filter>소스 파일\Class 2</Filter>
    </ClCompile>
    <ClCompile Include="1436_영화감독.cpp">
      <Filter>소스 파일\Class 2</Filter>
    </ClCompile>
    <ClCompile Include="1654_랜선 자르기.cpp">
      <Filter>소스 파일\Class 2</Filter>
    </ClCompile>
    <ClCompile Include="1874_스택 수열.cpp">
      <Filter>소스 파일\Class 2</Filter>
    </ClCompile>
    <ClCompile Include="2017_스테이지1_캠프파이어.cpp">
      <Filter>소스 파일\10. 넥슨 NYPC</Filter>
    </ClCompile>
    <ClCompile Include="2017_스테이지1_파리의 이동 거리.cpp">
      <Filter>소스 파일\10. 넥슨 NYPC</Filter>
    </ClCompile>
    <ClCompile Include="11279_최대 힙.cpp">
      <Filter>소스 파일\02. 정렬</Filter>
    </ClCompile>
    <ClCompile Include="11497_통나무 건너뛰기.cpp">
      <Filter>소스 파일\01. 그리디</Filter>
    </ClCompile>
    <ClCompile Include="16435_스네이크 버드.cpp">
      <Filter>소스 파일\01. 그리디</Filter>
    </ClCompile>
    <ClCompile Include="17509_And the Winner.cpp">
      <Filter>소스 파일\01. 그리디</Filter>
    </ClCompile>
    <ClCompile Include="20921_그렇고 그런 사이.cpp">
      <Filter>소스 파일\01. 그리디</Filter>
    </ClCompile>
    <ClCompile Include="기본.cpp">
      <Filter>소스 파일</Filter>
    </ClCompile>
    <ClCompile Include="10828_스택.cpp">
      <Filter>소스 파일\91. 스택</Filter>
    </ClCompile>
    <ClCompile Include="10989_수 정렬하기 3.cpp">
      <Filter>소스 파일\02. 정렬</Filter>
    </ClCompile>
    <ClCompile Include="1920_수 찾기.cpp">
      <Filter>소스 파일\Class 2</Filter>
    </ClCompile>
    <ClCompile Include="2019_연습문제_비밀번호 검사.cpp">
      <Filter>소스 파일\10. 넥슨 NYPC</Filter>
    </ClCompile>
    <ClCompile Include="2019_예선_최대HP.cpp">
      <Filter>소스 파일\10. 넥슨 NYPC</Filter>
    </ClCompile>
    <ClCompile Include="1166_선물.cpp">
      <Filter>소스 파일\02. 정렬</Filter>
    </ClCompile>
    <ClCompile Include="1929_소수 구하기.cpp">
      <Filter>소스 파일\09. dp</Filter>
    </ClCompile>
    <ClCompile Include="2 x n 타일링.cpp">
      <Filter>소스 파일\Programmers Level 2</Filter>
    </ClCompile>
    <ClCompile Include="1107_리모컨.cpp">
      <Filter>소스 파일\Class 2</Filter>
    </ClCompile>
    <ClCompile Include="1978_소수 찾기.cpp">
      <Filter>소스 파일\Class 2</Filter>
    </ClCompile>
    <ClCompile Include="10250_ACM호텔.cpp">
      <Filter>소스 파일\Class 2</Filter>
    </ClCompile>
    <ClCompile Include="2869_달팽이는 올라가고 싶다.cpp">
      <Filter>소스 파일\Class 2</Filter>
    </ClCompile>
    <ClCompile Include="10845_큐.cpp">
      <Filter>소스 파일\Class 2</Filter>
    </ClCompile>
    <ClCompile Include="11866_요세푸스 0.cpp">
      <Filter>소스 파일\Class 2</Filter>
    </ClCompile>
    <ClCompile Include="4153_직각삼각형.cpp">
      <Filter>소스 파일\Class 2</Filter>
    </ClCompile>
    <ClCompile Include="%28포기%29N으로 표현.cpp">
      <Filter>소스 파일\Programmers Level 2</Filter>
    </ClCompile>
    <ClCompile Include="Pro_Level3_정수 삼각형.cpp">
      <Filter>소스 파일\09. dp</Filter>
    </ClCompile>
  </ItemGroup>
</Project>